
Microsoft Visual Studio Solution File, Format Version 12.00
# Visual Studio Version 16
VisualStudioVersion = 16.0.29503.13
MinimumVisualStudioVersion = 10.0.40219.1
Project("{FAE04EC0-301F-11D3-BF4B-00C04F79EFBC}") = "InterSUCC", "InterSUCC.csproj", "{785346F7-E0D4-41A5-8186-E611685ECEC1}"
EndProject
Project("{9A19103F-16F7-4668-BE54-9A1E7A4F7556}") = "ClassImpl", "..\..\classimpl\ClassImpl\ClassImpl.csproj", "{9D2F9B28-030D-4F19-8D39-5FC71B4922D5}"
EndProject
Project("{9A19103F-16F7-4668-BE54-9A1E7A4F7556}") = "SUCC", "..\..\SUCC\SUCC\SUCC.csproj", "{18D956FF-326F-4FC1-B9EA-20C6820CBA38}"
EndProject
Global
	GlobalSection(SolutionConfigurationPlatforms) = preSolution
		Debug|Any CPU = Debug|Any CPU
		Release|Any CPU = Release|Any CPU
	EndGlobalSection
	GlobalSection(ProjectConfigurationPlatforms) = postSolution
		{785346F7-E0D4-41A5-8186-E611685ECEC1}.Debug|Any CPU.ActiveCfg = Debug|Any CPU
		{785346F7-E0D4-41A5-8186-E611685ECEC1}.Debug|Any CPU.Build.0 = Debug|Any CPU
		{785346F7-E0D4-41A5-8186-E611685ECEC1}.Release|Any CPU.ActiveCfg = Release|Any CPU
		{785346F7-E0D4-41A5-8186-E611685ECEC1}.Release|Any CPU.Build.0 = Release|Any CPU
		{9D2F9B28-030D-4F19-8D39-5FC71B4922D5}.Debug|Any CPU.ActiveCfg = Debug|Any CPU
		{9D2F9B28-030D-4F19-8D39-5FC71B4922D5}.Debug|Any CPU.Build.0 = Debug|Any CPU
		{9D2F9B28-030D-4F19-8D39-5FC71B4922D5}.Release|Any CPU.ActiveCfg = Release|Any CPU
		{9D2F9B28-030D-4F19-8D39-5FC71B4922D5}.Release|Any CPU.Build.0 = Release|Any CPU
		{18D956FF-326F-4FC1-B9EA-20C6820CBA38}.Debug|Any CPU.ActiveCfg = Debug|Any CPU
		{18D956FF-326F-4FC1-B9EA-20C6820CBA38}.Debug|Any CPU.Build.0 = Debug|Any CPU
		{18D956FF-326F-4FC1-B9EA-20C6820CBA38}.Release|Any CPU.ActiveCfg = Release|Any CPU
		{18D956FF-326F-4FC1-B9EA-20C6820CBA38}.Release|Any CPU.Build.0 = Release|Any CPU
	EndGlobalSection
	GlobalSection(SolutionProperties) = preSolution
		HideSolutionNode = FALSE
	EndGlobalSection
	GlobalSection(ExtensibilityGlobals) = postSolution
		SolutionGuid = {47D9DFCB-173A-40B6-99D4-C4C3A774BC09}
	EndGlobalSection
EndGlobal
